// !$*UTF8*$!
{
	archiveVersion = 1;
	classes = {
	};
	objectVersion = 50;
	objects = {

/* Begin PBXBuildFile section */
		A71DD429211A04970021ED34 /* AppDelegate.swift in Sources */ = {isa = PBXBuildFile; fileRef = A71DD428211A04970021ED34 /* AppDelegate.swift */; };
		A71DD42B211A04970021ED34 /* ViewController.swift in Sources */ = {isa = PBXBuildFile; fileRef = A71DD42A211A04970021ED34 /* ViewController.swift */; };
		A71DD42E211A04970021ED34 /* Main.storyboard in Resources */ = {isa = PBXBuildFile; fileRef = A71DD42C211A04970021ED34 /* Main.storyboard */; };
		A71DD430211A04990021ED34 /* Assets.xcassets in Resources */ = {isa = PBXBuildFile; fileRef = A71DD42F211A04990021ED34 /* Assets.xcassets */; };
		A71DD433211A04990021ED34 /* LaunchScreen.storyboard in Resources */ = {isa = PBXBuildFile; fileRef = A71DD431211A04990021ED34 /* LaunchScreen.storyboard */; };
		A71DD43B211A07FC0021ED34 /* idcard.xml in Resources */ = {isa = PBXBuildFile; fileRef = A71DD43A211A07FB0021ED34 /* idcard.xml */; };
/* End PBXBuildFile section */

/* Begin PBXFileReference section */
		A71DD425211A04970021ED34 /* IDcard.app */ = {isa = PBXFileReference; explicitFileType = wrapper.application; includeInIndex = 0; path = IDcard.app; sourceTree = BUILT_PRODUCTS_DIR; };
		A71DD428211A04970021ED34 /* AppDelegate.swift */ = {isa = PBXFileReference; lastKnownFileType = sourcecode.swift; path = AppDelegate.swift; sourceTree = "<group>"; };
		A71DD42A211A04970021ED34 /* ViewController.swift */ = {isa = PBXFileReference; lastKnownFileType = sourcecode.swift; path = ViewController.swift; sourceTree = "<group>"; };
		A71DD42D211A04970021ED34 /* Base */ = {isa = PBXFileReference; lastKnownFileType = file.storyboard; name = Base; path = Base.lproj/Main.storyboard; sourceTree = "<group>"; };
		A71DD42F211A04990021ED34 /* Assets.xcassets */ = {isa = PBXFileReference; lastKnownFileType = folder.assetcatalog; path = Assets.xcassets; sourceTree = "<group>"; };
		A71DD432211A04990021ED34 /* Base */ = {isa = PBXFileReference; lastKnownFileType = file.storyboard; name = Base; path = Base.lproj/LaunchScreen.storyboard; sourceTree = "<group>"; };
		A71DD434211A04990021ED34 /* Info.plist */ = {isa = PBXFileReference; lastKnownFileType = text.plist.xml; path = Info.plist; sourceTree = "<group>"; };
		A71DD43A211A07FB0021ED34 /* idcard.xml */ = {isa = PBXFileReference; fileEncoding = 4; lastKnownFileType = text.xml; name = idcard.xml; path = ../../../../Downloads/idcard.xml; sourceTree = "<group>"; };
/* End PBXFileReference section */

/* Begin PBXFrameworksBuildPhase section */
		A71DD422211A04970021ED34 /* Frameworks */ = {
			isa = PBXFrameworksBuildPhase;
			buildActionMask = 2147483647;
			files = (
			);
			runOnlyForDeploymentPostprocessing = 0;
		};
/* End PBXFrameworksBuildPhase section */

/* Begin PBXGroup section */
		A71DD41C211A04970021ED34 = {
			isa = PBXGroup;
			children = (
				A71DD427211A04970021ED34 /* IDcard */,
				A71DD426211A04970021ED34 /* Products */,
			);
			sourceTree = "<group>";
		};
		A71DD426211A04970021ED34 /* Products */ = {
			isa = PBXGroup;
			children = (
				A71DD425211A04970021ED34 /* IDcard.app */,
			);
			name = Products;
			sourceTree = "<group>";
		};
		A71DD427211A04970021ED34 /* IDcard */ = {
			isa = PBXGroup;
			children = (
				A71DD428211A04970021ED34 /* AppDelegate.swift */,
				A71DD42A211A04970021ED34 /* ViewController.swift */,
				A71DD42C211A04970021ED34 /* Main.storyboard */,
				A71DD42F211A04990021ED34 /* Assets.xcassets */,
				A71DD431211A04990021ED34 /* LaunchScreen.storyboard */,
				A71DD43A211A07FB0021ED34 /* idcard.xml */,
				A71DD434211A04990021ED34 /* Info.plist */,
			);
			path = IDcard;
			sourceTree = "<group>";
		};
/* End PBXGroup section */

/* Begin PBXNativeTarget section */
		A71DD424211A04970021ED34 /* IDcard */ = {
			isa = PBXNativeTarget;
			buildConfigurationList = A71DD437211A04990021ED34 /* Build configuration list for PBXNativeTarget "IDcard" */;
			buildPhases = (
				A71DD421211A04970021ED34 /* Sources */,
				A71DD422211A04970021ED34 /* Frameworks */,
				A71DD423211A04970021ED34 /* Resources */,
			);
			buildRules = (
			);
			dependencies = (
			);
			name = IDcard;
			productName = IDcard;
			productReference = A71DD425211A04970021ED34 /* IDcard.app */;
			productType = "com.apple.product-type.application";
		};
/* End PBXNativeTarget section */

/* Begin PBXProject section */
		A71DD41D211A04970021ED34 /* Project object */ = {
			isa = PBXProject;
			attributes = {
				LastSwiftUpdateCheck = 0940;
				LastUpgradeCheck = 0940;
				ORGANIZATIONNAME = GoldenShoe;
				TargetAttributes = {
					A71DD424211A04970021ED34 = {
						CreatedOnToolsVersion = 9.4.1;
					};
				};
			};
			buildConfigurationList = A71DD420211A04970021ED34 /* Build configuration list for PBXProject "IDcard" */;
			compatibilityVersion = "Xcode 9.3";
			developmentRegion = en;
			hasScannedForEncodings = 0;
			knownRegions = (
				en,
				Base,
			);
			mainGroup = A71DD41C211A04970021ED34;
			productRefGroup = A71DD426211A04970021ED34 /* Products */;
			projectDirPath = "";
			projectRoot = "";
			targets = (
				A71DD424211A04970021ED34 /* IDcard */,
			);
		};
/* End PBXProject section */

/* Begin PBXResourcesBuildPhase section */
		A71DD423211A04970021ED34 /* Resources */ = {
			isa = PBXResourcesBuildPhase;
			buildActionMask = 2147483647;
			files = (
				A71DD43B211A07FC0021ED34 /* idcard.xml in Resources */,
				A71DD433211A04990021ED34 /* LaunchScreen.storyboard in Resources */,
				A71DD430211A04990021ED34 /* Assets.xcassets in Resources */,
				A71DD42E211A04970021ED34 /* Main.storyboard in Resources */,
			);
			runOnlyForDeploymentPostprocessing = 0;
		};
/* End PBXResourcesBuildPhase section */

/* Begin PBXSourcesBuildPhase section */
		A71DD421211A04970021ED34 /* Sources */ = {
			isa = PBXSourcesBuildPhase;
			buildActionMask = 2147483647;
			files = (
				A71DD42B211A04970021ED34 /* ViewController.swift in Sources */,
				A71DD429211A04970021ED34 /* AppDelegate.swift in Sources */,
			);
			runOnlyForDeploymentPostprocessing = 0;
		};
/* End PBXSourcesBuildPhase section */

/* Begin PBXVariantGroup section */
		A71DD42C211A04970021ED34 /* Main.storyboard */ = {
			isa = PBXVariantGroup;
			children = (
				A71DD42D211A04970021ED34 /* Base */,
			);
			name = Main.storyboard;
			sourceTree = "<group>";
		};
		A71DD431211A04990021ED34 /* LaunchScreen.storyboard */ = {
			isa = PBXVariantGroup;
			children = (
				A71DD432211A04990021ED34 /* Base */,
			);
			name = LaunchScreen.storyboard;
			sourceTree = "<group>";
		};
/* End PBXVariantGroup section */

/* Begin XCBuildConfiguration section */
		A71DD435211A04990021ED34 /* Debug */ = {
			isa = XCBuildConfiguration;
			buildSettings = {
				ALWAYS_SEARCH_USER_PATHS = NO;
				CLANG_ANALYZER_NONNULL = YES;
				CLANG_ANALYZER_NUMBER_OBJECT_CONVERSION = YES_AGGRESSIVE;
				CLANG_CXX_LANGUAGE_STANDARD = "gnu++14";
				CLANG_CXX_LIBRARY = "libc++";
				CLANG_ENABLE_MODULES = YES;
				CLANG_ENABLE_OBJC_ARC = YES;
				CLANG_ENABLE_OBJC_WEAK = YES;
				CLANG_WARN_BLOCK_CAPTURE_AUTORELEASING = YES;
				CLANG_WARN_BOOL_CONVERSION = YES;
				CLANG_WARN_COMMA = YES;
				CLANG_WARN_CONSTANT_CONVERSION = YES;
				CLANG_WARN_DEPRECATED_OBJC_IMPLEMENTATIONS = YES;
				CLANG_WARN_DIRECT_OBJC_ISA_USAGE = YES_ERROR;
				CLANG_WARN_DOCUMENTATION_COMMENTS = YES;
				CLANG_WARN_EMPTY_BODY = YES;
				CLANG_WARN_ENUM_CONVERSION = YES;
				CLANG_WARN_INFINITE_RECURSION = YES;
				CLANG_WARN_INT_CONVERSION = YES;
				CLANG_WARN_NON_LITERAL_NULL_CONVERSION = YES;
				CLANG_WARN_OBJC_IMPLICIT_RETAIN_SELF = YES;
				CLANG_WARN_OBJC_LITERAL_CONVERSION = YES;
				CLANG_WARN_OBJC_ROOT_CLASS = YES_ERROR;
				CLANG_WARN_RANGE_LOOP_ANALYSIS = YES;
				CLANG_WARN_STRICT_PROTOTYPES = YES;
				CLANG_WARN_SUSPICIOUS_MOVE = YES;
				CLANG_WARN_UNGUARDED_AVAILABILITY = YES_AGGRESSIVE;
				CLANG_WARN_UNREACHABLE_CODE = YES;
				CLANG_WARN__DUPLICATE_METHOD_MATCH = YES;
				CODE_SIGN_IDENTITY = "iPhone Developer";
				COPY_PHASE_STRIP = NO;
				DEBUG_INFORMATION_FORMAT = dwarf;
				ENABLE_STRICT_OBJC_MSGSEND = YES;
				ENABLE_TESTABILITY = YES;
				GCC_C_LANGUAGE_STANDARD = gnu11;
				GCC_DYNAMIC_NO_PIC = NO;
				GCC_NO_COMMON_BLOCKS = YES;
				GCC_OPTIMIZATION_LEVEL = 0;
				GCC_PREPROCESSOR_DEFINITIONS = (
					"DEBUG=1",
					"$(inherited)",
				);
				GCC_WARN_64_TO_32_BIT_CONVERSION = YES;
				GCC_WARN_ABOUT_RETURN_TYPE = YES_ERROR;
				GCC_WARN_UNDECLARED_SELECTOR = YES;
				GCC_WARN_UNINITIALIZED_AUTOS = YES_AGGRESSIVE;
				GCC_WARN_UNUSED_FUNCTION = YES;
				GCC_WARN_UNUSED_VARIABLE = YES;
				IPHONEOS_DEPLOYMENT_TARGET = 11.4;
				MTL_ENABLE_DEBUG_INFO = YES;
				ONLY_ACTIVE_ARCH = YES;
				SDKROOT = iphoneos;
				SWIFT_ACTIVE_COMPILATION_CONDITIONS = DEBUG;
				SWIFT_OPTIMIZATION_LEVEL = "-Onone";
			};
			name = Debug;
		};
		A71DD436211A04990021ED34 /* Release */ = {
			isa = XCBuildConfiguration;
			buildSettings = {
				ALWAYS_SEARCH_USER_PATHS = NO;
				CLANG_ANALYZER_NONNULL = YES;
				CLANG_ANALYZER_NUMBER_OBJECT_CONVERSION = YES_AGGRESSIVE;
				CLANG_CXX_LANGUAGE_STANDARD = "gnu++14";
				CLANG_CXX_LIBRARY = "libc++";
				CLANG_ENABLE_MODULES = YES;
				CLANG_ENABLE_OBJC_ARC = YES;
				CLANG_ENABLE_OBJC_WEAK = YES;
				CLANG_WARN_BLOCK_CAPTURE_AUTORELEASING = YES;
				CLANG_WARN_BOOL_CONVERSION = YES;
				CLANG_WARN_COMMA = YES;
				CLANG_WARN_CONSTANT_CONVERSION = YES;
				CLANG_WARN_DEPRECATED_OBJC_IMPLEMENTATIONS = YES;
				CLANG_WARN_DIRECT_OBJC_ISA_USAGE = YES_ERROR;
				CLANG_WARN_DOCUMENTATION_COMMENTS = YES;
				CLANG_WARN_EMPTY_BODY = YES;
				CLANG_WARN_ENUM_CONVERSION = YES;
				CLANG_WARN_INFINITE_RECURSION = YES;
				CLANG_WARN_INT_CONVERSION = YES;
				CLANG_WARN_NON_LITERAL_NULL_CONVERSION = YES;
				CLANG_WARN_OBJC_IMPLICIT_RETAIN_SELF = YES;
				CLANG_WARN_OBJC_LITERAL_CONVERSION = YES;
				CLANG_WARN_OBJC_ROOT_CLASS = YES_ERROR;
				CLANG_WARN_RANGE_LOOP_ANALYSIS = YES;
				CLANG_WARN_STRICT_PROTOTYPES = YES;
				CLANG_WARN_SUSPICIOUS_MOVE = YES;
				CLANG_WARN_UNGUARDED_AVAILABILITY = YES_AGGRESSIVE;
				CLANG_WARN_UNREACHABLE_CODE = YES;
				CLANG_WARN__DUPLICATE_METHOD_MATCH = YES;
				CODE_SIGN_IDENTITY = "iPhone Developer";
				COPY_PHASE_STRIP = NO;
				DEBUG_INFORMATION_FORMAT = "dwarf-with-dsym";
				ENABLE_NS_ASSERTIONS = NO;
				ENABLE_STRICT_OBJC_MSGSEND = YES;
				GCC_C_LANGUAGE_STANDARD = gnu11;
				GCC_NO_COMMON_BLOCKS = YES;
				GCC_WARN_64_TO_32_BIT_CONVERSION = YES;
				GCC_WARN_ABOUT_RETURN_TYPE = YES_ERROR;
				GCC_WARN_UNDECLARED_SELECTOR = YES;
				GCC_WARN_UNINITIALIZED_AUTOS = YES_AGGRESSIVE;
				GCC_WARN_UNUSED_FUNCTION = YES;
				GCC_WARN_UNUSED_VARIABLE = YES;
				IPHONEOS_DEPLOYMENT_TARGET = 11.4;
				MTL_ENABLE_DEBUG_INFO = NO;
				SDKROOT = iphoneos;
				SWIFT_COMPILATION_MODE = wholemodule;
				SWIFT_OPTIMIZATION_LEVEL = "-O";
				VALIDATE_PRODUCT = YES;
			};
			name = Release;
		};
		A71DD438211A04990021ED34 /* Debug */ = {
			isa = XCBuildConfiguration;
			buildSettings = {
				ASSETCATALOG_COMPILER_APPICON_NAME = AppIcon;
				CODE_SIGN_STYLE = Automatic;
				INFOPLIST_FILE = IDcard/Info.plist;
				LD_RUNPATH_SEARCH_PATHS = (
					"$(inherited)",
					"@executable_path/Frameworks",
				);
				PRODUCT_BUNDLE_IDENTIFIER = GoldenShoe.IDcard;
				PRODUCT_NAME = "$(TARGET_NAME)";
				SWIFT_VERSION = 4.0;
				TARGETED_DEVICE_FAMILY = "1,2";
			};
			name = Debug;
		};
		A71DD439211A04990021ED34 /* Release */ = {
			isa = XCBuildConfiguration;
			buildSettings = {
				ASSETCATALOG_COMPILER_APPICON_NAME = AppIcon;
				CODE_SIGN_STYLE = Automatic;
				INFOPLIST_FILE = IDcard/Info.plist;
				LD_RUNPATH_SEARCH_PATHS = (
					"$(inherited)",
					"@executable_path/Frameworks",
				);
				PRODUCT_BUNDLE_IDENTIFIER = GoldenShoe.IDcard;
				PRODUCT_NAME = "$(TARGET_NAME)";
				SWIFT_VERSION = 4.0;
				TARGETED_DEVICE_FAMILY = "1,2";
			};
			name = Release;
		};
/* End XCBuildConfiguration section */

/* Begin XCConfigurationList section */
		A71DD420211A04970021ED34 /* Build configuration list for PBXProject "IDcard" */ = {
			isa = XCConfigurationList;
			buildConfigurations = (
				A71DD435211A04990021ED34 /* Debug */,
				A71DD436211A04990021ED34 /* Release */,
			);
			defaultConfigurationIsVisible = 0;
			defaultConfigurationName = Release;
		};
		A71DD437211A04990021ED34 /* Build configuration list for PBXNativeTarget "IDcard" */ = {
			isa = XCConfigurationList;
			buildConfigurations = (
				A71DD438211A04990021ED34 /* Debug */,
				A71DD439211A04990021ED34 /* Release */,
			);
			defaultConfigurationIsVisible = 0;
			defaultConfigurationName = Release;
		};
/* End XCConfigurationList section */
	};
	rootObject = A71DD41D211A04970021ED34 /* Project object */;
}
